
Microsoft Visual Studio Solution File, Format Version 12.00
# Visual Studio Version 16
VisualStudioVersion = 16.0.30907.101
MinimumVisualStudioVersion = 10.0.40219.1
Project("{FAE04EC0-301F-11D3-BF4B-00C04F79EFBC}") = "GrowProject", "GrowProject\GrowProject.csproj", "{6BE10288-B4F8-428D-99A9-1B1020E77F2E}"
EndProject
Global
	GlobalSection(SolutionConfigurationPlatforms) = preSolution
		Debug|Any CPU = Debug|Any CPU
		Release|Any CPU = Release|Any CPU
	EndGlobalSection
	GlobalSection(ProjectConfigurationPlatforms) = postSolution
		{6BE10288-B4F8-428D-99A9-1B1020E77F2E}.Debug|Any CPU.ActiveCfg = Debug|Any CPU
		{6BE10288-B4F8-428D-99A9-1B1020E77F2E}.Debug|Any CPU.Build.0 = Debug|Any CPU
		{6BE10288-B4F8-428D-99A9-1B1020E77F2E}.Release|Any CPU.ActiveCfg = Release|Any CPU
		{6BE10288-B4F8-428D-99A9-1B1020E77F2E}.Release|Any CPU.Build.0 = Release|Any CPU
	EndGlobalSection
	GlobalSection(SolutionProperties) = preSolution
		HideSolutionNode = FALSE
	EndGlobalSection
	GlobalSection(ExtensibilityGlobals) = postSolution
		SolutionGuid = {55D825A5-1120-413D-8B31-C3A3B622217F}
	EndGlobalSection
EndGlobal
